lockfileVersion: '9.0'

settings:
  autoInstallPeers: true
  excludeLinksFromLockfile: false

importers:

  .:
    dependencies:
      oxlint-tsgolint:
        specifier: 7.0.2003
        version: 7.0.2003

packages:

  '@oxlint-tsgolint/darwin-arm64@7.0.2003':
    resolution: {integrity: sha512-TgV33rXr6ueXBwvc+0nssUkTBSXHJxv77I8p4RCjDjCnvexHtmoPiudVRDfj3S3puMDdeQdHW6jdUgUPy3nr/w==}
    cpu: [arm64]
    os: [darwin]

  '@oxlint-tsgolint/darwin-x64@7.0.2003':
    resolution: {integrity: sha512-hY3FMAjIaPDdK3FNxyRXRfHPOFeoBn6dmnLyKZgQ2IbTTD1adXhl6PfCIqHhCPvurigv7nf7mYuWZZ19MmJzmg==}
    cpu: [x64]
    os: [darwin]

  '@oxlint-tsgolint/linux-arm64@7.0.2003':
    resolution: {integrity: sha512-eAET4JpyfBbg8SO0K74o4R55tEjVC292pIyxGOw2XGf8x/HrPNyxwQ478jMYOM54FIVOHc8sJ6VRHxluy6lucw==}
    cpu: [arm64]
    os: [linux]

  '@oxlint-tsgolint/linux-x64@7.0.2003':
    resolution: {integrity: sha512-GXdyO/XyqDJ3s/llR/oOktLsYNjZtWSQBy0JMc+/0gsNPvTcseKPhn9c6KcFyWmnr6H4vljYALbujonqSzzEGw==}
    cpu: [x64]
    os: [linux]

  '@oxlint-tsgolint/win32-arm64@7.0.2003':
    resolution: {integrity: sha512-TWauXnPfet0VgpmrstoAK58eJ4gbuwPUuUTQmYQAzE/RG1CpnxXtrKUJULf6lyerPE4KN3gM+DflIA1hOH+38Q==}
    cpu: [arm64]
    os: [win32]

  '@oxlint-tsgolint/win32-x64@7.0.2003':
    resolution: {integrity: sha512-DoRmfe7j8VqNlukp8liRVW45GQDhzRccNenjD/pdzelgtffW47pCMd1xbJLkPaPbKnTwID3onn3VZlL7JbebEA==}
    cpu: [x64]
    os: [win32]

  oxlint-tsgolint@7.0.2003:
    resolution: {integrity: sha512-VnK4zlqgmgq/7ZcjzCk/WpN8kKFsYGcB85Io9qT3wL4K8Un3RKmJkp793crNETieMusPMKOA4a+Mw2wbteI6TQ==}
    hasBin: true

snapshots:

  '@oxlint-tsgolint/darwin-arm64@7.0.2003':
    optional: true

  '@oxlint-tsgolint/darwin-x64@7.0.2003':
    optional: true

  '@oxlint-tsgolint/linux-arm64@7.0.2003':
    optional: true

  '@oxlint-tsgolint/linux-x64@7.0.2003':
    optional: true

  '@oxlint-tsgolint/win32-arm64@7.0.2003':
    optional: true

  '@oxlint-tsgolint/win32-x64@7.0.2003':
    optional: true

  oxlint-tsgolint@7.0.2003:
    optionalDependencies:
      '@oxlint-tsgolint/darwin-arm64': 7.0.2003
      '@oxlint-tsgolint/darwin-x64': 7.0.2003
      '@oxlint-tsgolint/linux-arm64': 7.0.2003
      '@oxlint-tsgolint/linux-x64': 7.0.2003
      '@oxlint-tsgolint/win32-arm64': 7.0.2003
      '@oxlint-tsgolint/win32-x64': 7.0.2003
